// !$*UTF8*$!
{
	archiveVersion = 1;
	classes = {
	};
	objectVersion = 46;
	objects = {

/* Begin PBXBuildFile section */
		4B0D17CF1E670D55005FBA88 /* AppDelegate.swift in Sources */ = {isa = PBXBuildFile; fileRef = 4B0D17CE1E670D55005FBA88 /* AppDelegate.swift */; };
		4B0D17D11E670D55005FBA88 /* ViewController.swift in Sources */ = {isa = PBXBuildFile; fileRef = 4B0D17D01E670D55005FBA88 /* ViewController.swift */; };
		4B0D17D41E670D55005FBA88 /* Main.storyboard in Resources */ = {isa = PBXBuildFile; fileRef = 4B0D17D21E670D55005FBA88 /* Main.storyboard */; };
		4B0D17D61E670D55005FBA88 /* Assets.xcassets in Resources */ = {isa = PBXBuildFile; fileRef = 4B0D17D51E670D55005FBA88 /* Assets.xcassets */; };
		4B0D17D91E670D55005FBA88 /* LaunchScreen.storyboard in Resources */ = {isa = PBXBuildFile; fileRef = 4B0D17D71E670D55005FBA88 /* LaunchScreen.storyboard */; };
		4B0D17E21E670E0E005FBA88 /* AVFoundation.framework in Frameworks */ = {isa = PBXBuildFile; fileRef = 4B0D17E11E670E0E005FBA88 /* AVFoundation.framework */; };
		4BA5CE441E6ABD4E0094F3EA /* Counter.swift in Sources */ = {isa = PBXBuildFile; fileRef = 4BA5CE431E6ABD4E0094F3EA /* Counter.swift */; };
		4BA5CE461E6ACE6C0094F3EA /* CountingViewController.swift in Sources */ = {isa = PBXBuildFile; fileRef = 4BA5CE451E6ACE6C0094F3EA /* CountingViewController.swift */; };
/* End PBXBuildFile section */

/* Begin PBXFileReference section */
		4B0D17CB1E670D55005FBA88 /* EXCERCISE.app */ = {isa = PBXFileReference; explicitFileType = wrapper.application; includeInIndex = 0; path = EXCERCISE.app; sourceTree = BUILT_PRODUCTS_DIR; };
		4B0D17CE1E670D55005FBA88 /* AppDelegate.swift */ = {isa = PBXFileReference; lastKnownFileType = sourcecode.swift; path = AppDelegate.swift; sourceTree = "<group>"; };
		4B0D17D01E670D55005FBA88 /* ViewController.swift */ = {isa = PBXFileReference; lastKnownFileType = sourcecode.swift; path = ViewController.swift; sourceTree = "<group>"; };
		4B0D17D31E670D55005FBA88 /* Base */ = {isa = PBXFileReference; lastKnownFileType = file.storyboard; name = Base; path = Base.lproj/Main.storyboard; sourceTree = "<group>"; };
		4B0D17D51E670D55005FBA88 /* Assets.xcassets */ = {isa = PBXFileReference; lastKnownFileType = folder.assetcatalog; path = Assets.xcassets; sourceTree = "<group>"; };
		4B0D17D81E670D55005FBA88 /* Base */ = {isa = PBXFileReference; lastKnownFileType = file.storyboard; name = Base; path = Base.lproj/LaunchScreen.storyboard; sourceTree = "<group>"; };
		4B0D17DA1E670D55005FBA88 /* Info.plist */ = {isa = PBXFileReference; lastKnownFileType = text.plist.xml; path = Info.plist; sourceTree = "<group>"; };
		4B0D17E11E670E0E005FBA88 /* AVFoundation.framework */ = {isa = PBXFileReference; lastKnownFileType = wrapper.framework; name = AVFoundation.framework; path = System/Library/Frameworks/AVFoundation.framework; sourceTree = SDKROOT; };
		4BA5CE431E6ABD4E0094F3EA /* Counter.swift */ = {isa = PBXFileReference; fileEncoding = 4; lastKnownFileType = sourcecode.swift; path = Counter.swift; sourceTree = "<group>"; };
		4BA5CE451E6ACE6C0094F3EA /* CountingViewController.swift */ = {isa = PBXFileReference; fileEncoding = 4; lastKnownFileType = sourcecode.swift; path = CountingViewController.swift; sourceTree = "<group>"; };
/* End PBXFileReference section */

/* Begin PBXFrameworksBuildPhase section */
		4B0D17C81E670D55005FBA88 /* Frameworks */ = {
			isa = PBXFrameworksBuildPhase;
			buildActionMask = 2147483647;
			files = (
				4B0D17E21E670E0E005FBA88 /* AVFoundation.framework in Frameworks */,
			);
			runOnlyForDeploymentPostprocessing = 0;
		};
/* End PBXFrameworksBuildPhase section */

/* Begin PBXGroup section */
		4B0D17C21E670D55005FBA88 = {
			isa = PBXGroup;
			children = (
				4B0D17CD1E670D55005FBA88 /* EXCERCISE */,
				4B0D17CC1E670D55005FBA88 /* Products */,
				4B0D17E01E670E0E005FBA88 /* Frameworks */,
			);
			sourceTree = "<group>";
		};
		4B0D17CC1E670D55005FBA88 /* Products */ = {
			isa = PBXGroup;
			children = (
				4B0D17CB1E670D55005FBA88 /* EXCERCISE.app */,
			);
			name = Products;
			sourceTree = "<group>";
		};
		4B0D17CD1E670D55005FBA88 /* EXCERCISE */ = {
			isa = PBXGroup;
			children = (
				4B0D17CE1E670D55005FBA88 /* AppDelegate.swift */,
				4B0D17D01E670D55005FBA88 /* ViewController.swift */,
				4BA5CE451E6ACE6C0094F3EA /* CountingViewController.swift */,
				4B0D17D21E670D55005FBA88 /* Main.storyboard */,
				4B0D17D51E670D55005FBA88 /* Assets.xcassets */,
				4B0D17D71E670D55005FBA88 /* LaunchScreen.storyboard */,
				4B0D17DA1E670D55005FBA88 /* Info.plist */,
				4BA5CE431E6ABD4E0094F3EA /* Counter.swift */,
			);
			path = EXCERCISE;
			sourceTree = "<group>";
		};
		4B0D17E01E670E0E005FBA88 /* Frameworks */ = {
			isa = PBXGroup;
			children = (
				4B0D17E11E670E0E005FBA88 /* AVFoundation.framework */,
			);
			name = Frameworks;
			sourceTree = "<group>";
		};
/* End PBXGroup section */

/* Begin PBXNativeTarget section */
		4B0D17CA1E670D55005FBA88 /* EXCERCISE */ = {
			isa = PBXNativeTarget;
			buildConfigurationList = 4B0D17DD1E670D55005FBA88 /* Build configuration list for PBXNativeTarget "EXCERCISE" */;
			buildPhases = (
				4B0D17C71E670D55005FBA88 /* Sources */,
				4B0D17C81E670D55005FBA88 /* Frameworks */,
				4B0D17C91E670D55005FBA88 /* Resources */,
			);
			buildRules = (
			);
			dependencies = (
			);
			name = EXCERCISE;
			productName = EXCERCISE;
			productReference = 4B0D17CB1E670D55005FBA88 /* EXCERCISE.app */;
			productType = "com.apple.product-type.application";
		};
/* End PBXNativeTarget section */

/* Begin PBXProject section */
		4B0D17C31E670D55005FBA88 /* Project object */ = {
			isa = PBXProject;
			attributes = {
				LastSwiftUpdateCheck = 0820;
				LastUpgradeCheck = 0820;
				ORGANIZATIONNAME = ChristopherFonseka;
				TargetAttributes = {
					4B0D17CA1E670D55005FBA88 = {
						CreatedOnToolsVersion = 8.2.1;
						DevelopmentTeam = LH8455G983;
						ProvisioningStyle = Automatic;
					};
				};
			};
			buildConfigurationList = 4B0D17C61E670D55005FBA88 /* Build configuration list for PBXProject "EXCERCISE" */;
			compatibilityVersion = "Xcode 3.2";
			developmentRegion = English;
			hasScannedForEncodings = 0;
			knownRegions = (
				en,
				Base,
			);
			mainGroup = 4B0D17C21E670D55005FBA88;
			productRefGroup = 4B0D17CC1E670D55005FBA88 /* Products */;
			projectDirPath = "";
			projectRoot = "";
			targets = (
				4B0D17CA1E670D55005FBA88 /* EXCERCISE */,
			);
		};
/* End PBXProject section */

/* Begin PBXResourcesBuildPhase section */
		4B0D17C91E670D55005FBA88 /* Resources */ = {
			isa = PBXResourcesBuildPhase;
			buildActionMask = 2147483647;
			files = (
				4B0D17D91E670D55005FBA88 /* LaunchScreen.storyboard in Resources */,
				4B0D17D61E670D55005FBA88 /* Assets.xcassets in Resources */,
				4B0D17D41E670D55005FBA88 /* Main.storyboard in Resources */,
			);
			runOnlyForDeploymentPostprocessing = 0;
		};
/* End PBXResourcesBuildPhase section */

/* Begin PBXSourcesBuildPhase section */
		4B0D17C71E670D55005FBA88 /* Sources */ = {
			isa = PBXSourcesBuildPhase;
			buildActionMask = 2147483647;
			files = (
				4B0D17D11E670D55005FBA88 /* ViewController.swift in Sources */,
				4BA5CE461E6ACE6C0094F3EA /* CountingViewController.swift in Sources */,
				4B0D17CF1E670D55005FBA88 /* AppDelegate.swift in Sources */,
				4BA5CE441E6ABD4E0094F3EA /* Counter.swift in Sources */,
			);
			runOnlyForDeploymentPostprocessing = 0;
		};
/* End PBXSourcesBuildPhase section */

/* Begin PBXVariantGroup section */
		4B0D17D21E670D55005FBA88 /* Main.storyboard */ = {
			isa = PBXVariantGroup;
			children = (
				4B0D17D31E670D55005FBA88 /* Base */,
			);
			name = Main.storyboard;
			sourceTree = "<group>";
		};
		4B0D17D71E670D55005FBA88 /* LaunchScreen.storyboard */ = {
			isa = PBXVariantGroup;
			children = (
				4B0D17D81E670D55005FBA88 /* Base */,
			);
			name = LaunchScreen.storyboard;
			sourceTree = "<group>";
		};
/* End PBXVariantGroup section */

/* Begin XCBuildConfiguration section */
		4B0D17DB1E670D55005FBA88 /* Debug */ = {
			isa = XCBuildConfiguration;
			buildSettings = {
				ALWAYS_SEARCH_USER_PATHS = NO;
				CLANG_ANALYZER_NONNULL = YES;
				CLANG_CXX_LANGUAGE_STANDARD = "gnu++0x";
				CLANG_CXX_LIBRARY = "libc++";
				CLANG_ENABLE_MODULES = YES;
				CLANG_ENABLE_OBJC_ARC = YES;
				CLANG_WARN_BOOL_CONVERSION = YES;
				CLANG_WARN_CONSTANT_CONVERSION = YES;
				CLANG_WARN_DIRECT_OBJC_ISA_USAGE = YES_ERROR;
				CLANG_WARN_DOCUMENTATION_COMMENTS = YES;
				CLANG_WARN_EMPTY_BODY = YES;
				CLANG_WARN_ENUM_CONVERSION = YES;
				CLANG_WARN_INFINITE_RECURSION = YES;
				CLANG_WARN_INT_CONVERSION = YES;
				CLANG_WARN_OBJC_ROOT_CLASS = YES_ERROR;
				CLANG_WARN_SUSPICIOUS_MOVE = YES;
				CLANG_WARN_UNREACHABLE_CODE = YES;
				CLANG_WARN__DUPLICATE_METHOD_MATCH = YES;
				"CODE_SIGN_IDENTITY[sdk=iphoneos*]" = "iPhone Developer";
				COPY_PHASE_STRIP = NO;
				DEBUG_INFORMATION_FORMAT = dwarf;
				ENABLE_STRICT_OBJC_MSGSEND = YES;
				ENABLE_TESTABILITY = YES;
				GCC_C_LANGUAGE_STANDARD = gnu99;
				GCC_DYNAMIC_NO_PIC = NO;
				GCC_NO_COMMON_BLOCKS = YES;
				GCC_OPTIMIZATION_LEVEL = 0;
				GCC_PREPROCESSOR_DEFINITIONS = (
					"DEBUG=1",
					"$(inherited)",
				);
				GCC_WARN_64_TO_32_BIT_CONVERSION = YES;
				GCC_WARN_ABOUT_RETURN_TYPE = YES_ERROR;
				GCC_WARN_UNDECLARED_SELECTOR = YES;
				GCC_WARN_UNINITIALIZED_AUTOS = YES_AGGRESSIVE;
				GCC_WARN_UNUSED_FUNCTION = YES;
				GCC_WARN_UNUSED_VARIABLE = YES;
				IPHONEOS_DEPLOYMENT_TARGET = 10.2;
				MTL_ENABLE_DEBUG_INFO = YES;
				ONLY_ACTIVE_ARCH = YES;
				SDKROOT = iphoneos;
				SWIFT_ACTIVE_COMPILATION_CONDITIONS = DEBUG;
				SWIFT_OPTIMIZATION_LEVEL = "-Onone";
				TARGETED_DEVICE_FAMILY = "1,2";
			};
			name = Debug;
		};
		4B0D17DC1E670D55005FBA88 /* Release */ = {
			isa = XCBuildConfiguration;
			buildSettings = {
				ALWAYS_SEARCH_USER_PATHS = NO;
				CLANG_ANALYZER_NONNULL = YES;
				CLANG_CXX_LANGUAGE_STANDARD = "gnu++0x";
				CLANG_CXX_LIBRARY = "libc++";
				CLANG_ENABLE_MODULES = YES;
				CLANG_ENABLE_OBJC_ARC = YES;
				CLANG_WARN_BOOL_CONVERSION = YES;
				CLANG_WARN_CONSTANT_CONVERSION = YES;
				CLANG_WARN_DIRECT_OBJC_ISA_USAGE = YES_ERROR;
				CLANG_WARN_DOCUMENTATION_COMMENTS = YES;
				CLANG_WARN_EMPTY_BODY = YES;
				CLANG_WARN_ENUM_CONVERSION = YES;
				CLANG_WARN_INFINITE_RECURSION = YES;
				CLANG_WARN_INT_CONVERSION = YES;
				CLANG_WARN_OBJC_ROOT_CLASS = YES_ERROR;
				CLANG_WARN_SUSPICIOUS_MOVE = YES;
				CLANG_WARN_UNREACHABLE_CODE = YES;
				CLANG_WARN__DUPLICATE_METHOD_MATCH = YES;
				"CODE_SIGN_IDENTITY[sdk=iphoneos*]" = "iPhone Developer";
				COPY_PHASE_STRIP = NO;
				DEBUG_INFORMATION_FORMAT = "dwarf-with-dsym";
				ENABLE_NS_ASSERTIONS = NO;
				ENABLE_STRICT_OBJC_MSGSEND = YES;
				GCC_C_LANGUAGE_STANDARD = gnu99;
				GCC_NO_COMMON_BLOCKS = YES;
				GCC_WARN_64_TO_32_BIT_CONVERSION = YES;
				GCC_WARN_ABOUT_RETURN_TYPE = YES_ERROR;
				GCC_WARN_UNDECLARED_SELECTOR = YES;
				GCC_WARN_UNINITIALIZED_AUTOS = YES_AGGRESSIVE;
				GCC_WARN_UNUSED_FUNCTION = YES;
				GCC_WARN_UNUSED_VARIABLE = YES;
				IPHONEOS_DEPLOYMENT_TARGET = 10.2;
				MTL_ENABLE_DEBUG_INFO = NO;
				SDKROOT = iphoneos;
				SWIFT_OPTIMIZATION_LEVEL = "-Owholemodule";
				TARGETED_DEVICE_FAMILY = "1,2";
				VALIDATE_PRODUCT = YES;
			};
			name = Release;
		};
		4B0D17DE1E670D55005FBA88 /* Debug */ = {
			isa = XCBuildConfiguration;
			buildSettings = {
				ASSETCATALOG_COMPILER_APPICON_NAME = AppIcon;
				DEVELOPMENT_TEAM = LH8455G983;
				INFOPLIST_FILE = EXCERCISE/Info.plist;
				LD_RUNPATH_SEARCH_PATHS = "$(inherited) @executable_path/Frameworks";
				PRODUCT_BUNDLE_IDENTIFIER = com.christopherFonseka.EXCERCISE;
				PRODUCT_NAME = "$(TARGET_NAME)";
				SWIFT_VERSION = 3.0;
			};
			name = Debug;
		};
		4B0D17DF1E670D55005FBA88 /* Release */ = {
			isa = XCBuildConfiguration;
			buildSettings = {
				ASSETCATALOG_COMPILER_APPICON_NAME = AppIcon;
				DEVELOPMENT_TEAM = LH8455G983;
				INFOPLIST_FILE = EXCERCISE/Info.plist;
				LD_RUNPATH_SEARCH_PATHS = "$(inherited) @executable_path/Frameworks";
				PRODUCT_BUNDLE_IDENTIFIER = com.christopherFonseka.EXCERCISE;
				PRODUCT_NAME = "$(TARGET_NAME)";
				SWIFT_VERSION = 3.0;
			};
			name = Release;
		};
/* End XCBuildConfiguration section */

/* Begin XCConfigurationList section */
		4B0D17C61E670D55005FBA88 /* Build configuration list for PBXProject "EXCERCISE" */ = {
			isa = XCConfigurationList;
			buildConfigurations = (
				4B0D17DB1E670D55005FBA88 /* Debug */,
				4B0D17DC1E670D55005FBA88 /* Release */,
			);
			defaultConfigurationIsVisible = 0;
			defaultConfigurationName = Release;
		};
		4B0D17DD1E670D55005FBA88 /* Build configuration list for PBXNativeTarget "EXCERCISE" */ = {
			isa = XCConfigurationList;
			buildConfigurations = (
				4B0D17DE1E670D55005FBA88 /* Debug */,
				4B0D17DF1E670D55005FBA88 /* Release */,
			);
			defaultConfigurationIsVisible = 0;
			defaultConfigurationName = Release;
		};
/* End XCConfigurationList section */
	};
	rootObject = 4B0D17C31E670D55005FBA88 /* Project object */;
}
